
Microsoft Visual Studio Solution File, Format Version 12.00
# Visual Studio 2017
Project("{FAE04EC0-301F-11D3-BF4B-00C04F79EFBC}") = "QRCodeReader", "QRCodeReader.csproj", "{0B5F63FC-5C5C-5116-F596-288D3149A60F}"
EndProject
Project("{FAE04EC0-301F-11D3-BF4B-00C04F79EFBC}") = "QRCodeReader.Editor", "QRCodeReader.Editor.csproj", "{AC679183-B6DC-0C13-3375-1B18EB3ED181}"
EndProject
Global
	GlobalSection(SolutionConfigurationPlatforms) = preSolution
		Debug|Any CPU = Debug|Any CPU
		Release|Any CPU = Release|Any CPU
	EndGlobalSection
	GlobalSection(ProjectConfigurationPlatforms) = postSolution
		{0B5F63FC-5C5C-5116-F596-288D3149A60F}.Debug|Any CPU.ActiveCfg = Debug|Any CPU
		{0B5F63FC-5C5C-5116-F596-288D3149A60F}.Debug|Any CPU.Build.0 = Debug|Any CPU
		{0B5F63FC-5C5C-5116-F596-288D3149A60F}.Release|Any CPU.ActiveCfg = Release|Any CPU
		{0B5F63FC-5C5C-5116-F596-288D3149A60F}.Release|Any CPU.Build.0 = Release|Any CPU
		{AC679183-B6DC-0C13-3375-1B18EB3ED181}.Debug|Any CPU.ActiveCfg = Debug|Any CPU
		{AC679183-B6DC-0C13-3375-1B18EB3ED181}.Debug|Any CPU.Build.0 = Debug|Any CPU
		{AC679183-B6DC-0C13-3375-1B18EB3ED181}.Release|Any CPU.ActiveCfg = Release|Any CPU
		{AC679183-B6DC-0C13-3375-1B18EB3ED181}.Release|Any CPU.Build.0 = Release|Any CPU
	EndGlobalSection
	GlobalSection(SolutionProperties) = preSolution
		HideSolutionNode = FALSE
	EndGlobalSection
EndGlobal
