
Microsoft Visual Studio Solution File, Format Version 12.00
# Visual Studio 15
VisualStudioVersion = 15.0.26430.13
MinimumVisualStudioVersion = 10.0.40219.1
Project("{FAE04EC0-301F-11D3-BF4B-00C04F79EFBC}") = "QRCodeReader", "QRCodeReader\QRCodeReader.csproj", "{13A45C13-3265-47B8-BC48-A553B569DF55}"
EndProject
Project("{FAE04EC0-301F-11D3-BF4B-00C04F79EFBC}") = "Assembly-CSharp", "D:\Profiles\gusanchez\Documents\UnityProject\QRCodeReader\App\GeneratedProjects\UWP\Assembly-CSharp\Assembly-CSharp.csproj", "{6AB7B6D7-DA61-430F-83C8-B4868D11C6C5}"
EndProject
Project("{FAE04EC0-301F-11D3-BF4B-00C04F79EFBC}") = "Assembly-CSharp-firstpass", "D:\Profiles\gusanchez\Documents\UnityProject\QRCodeReader\App\GeneratedProjects\UWP\Assembly-CSharp-firstpass\Assembly-CSharp-firstpass.csproj", "{307FEA4D-22E5-4368-86CA-0A95EB007B81}"
EndProject
Global
	GlobalSection(SolutionConfigurationPlatforms) = preSolution
		Debug|ARM = Debug|ARM
		Debug|x64 = Debug|x64
		Debug|x86 = Debug|x86
		Master|ARM = Master|ARM
		Master|x64 = Master|x64
		Master|x86 = Master|x86
		Release|ARM = Release|ARM
		Release|x64 = Release|x64
		Release|x86 = Release|x86
	EndGlobalSection
	GlobalSection(ProjectConfigurationPlatforms) = postSolution
		{13A45C13-3265-47B8-BC48-A553B569DF55}.Debug|ARM.ActiveCfg = Debug|ARM
		{13A45C13-3265-47B8-BC48-A553B569DF55}.Debug|ARM.Build.0 = Debug|ARM
		{13A45C13-3265-47B8-BC48-A553B569DF55}.Debug|ARM.Deploy.0 = Debug|ARM
		{13A45C13-3265-47B8-BC48-A553B569DF55}.Debug|x64.ActiveCfg = Debug|x64
		{13A45C13-3265-47B8-BC48-A553B569DF55}.Debug|x64.Build.0 = Debug|x64
		{13A45C13-3265-47B8-BC48-A553B569DF55}.Debug|x64.Deploy.0 = Debug|x64
		{13A45C13-3265-47B8-BC48-A553B569DF55}.Debug|x86.ActiveCfg = Debug|x86
		{13A45C13-3265-47B8-BC48-A553B569DF55}.Debug|x86.Build.0 = Debug|x86
		{13A45C13-3265-47B8-BC48-A553B569DF55}.Debug|x86.Deploy.0 = Debug|x86
		{13A45C13-3265-47B8-BC48-A553B569DF55}.Master|ARM.ActiveCfg = Master|ARM
		{13A45C13-3265-47B8-BC48-A553B569DF55}.Master|ARM.Build.0 = Master|ARM
		{13A45C13-3265-47B8-BC48-A553B569DF55}.Master|ARM.Deploy.0 = Master|ARM
		{13A45C13-3265-47B8-BC48-A553B569DF55}.Master|x64.ActiveCfg = Master|x64
		{13A45C13-3265-47B8-BC48-A553B569DF55}.Master|x64.Build.0 = Master|x64
		{13A45C13-3265-47B8-BC48-A553B569DF55}.Master|x64.Deploy.0 = Master|x64
		{13A45C13-3265-47B8-BC48-A553B569DF55}.Master|x86.ActiveCfg = Master|x86
		{13A45C13-3265-47B8-BC48-A553B569DF55}.Master|x86.Build.0 = Master|x86
		{13A45C13-3265-47B8-BC48-A553B569DF55}.Master|x86.Deploy.0 = Master|x86
		{13A45C13-3265-47B8-BC48-A553B569DF55}.Release|ARM.ActiveCfg = Release|ARM
		{13A45C13-3265-47B8-BC48-A553B569DF55}.Release|ARM.Build.0 = Release|ARM
		{13A45C13-3265-47B8-BC48-A553B569DF55}.Release|ARM.Deploy.0 = Release|ARM
		{13A45C13-3265-47B8-BC48-A553B569DF55}.Release|x64.ActiveCfg = Release|x64
		{13A45C13-3265-47B8-BC48-A553B569DF55}.Release|x64.Build.0 = Release|x64
		{13A45C13-3265-47B8-BC48-A553B569DF55}.Release|x64.Deploy.0 = Release|x64
		{13A45C13-3265-47B8-BC48-A553B569DF55}.Release|x86.ActiveCfg = Release|x86
		{13A45C13-3265-47B8-BC48-A553B569DF55}.Release|x86.Build.0 = Release|x86
		{13A45C13-3265-47B8-BC48-A553B569DF55}.Release|x86.Deploy.0 = Release|x86
		{6AB7B6D7-DA61-430F-83C8-B4868D11C6C5}.Debug|ARM.ActiveCfg = Debug|ARM
		{6AB7B6D7-DA61-430F-83C8-B4868D11C6C5}.Debug|ARM.Build.0 = Debug|ARM
		{6AB7B6D7-DA61-430F-83C8-B4868D11C6C5}.Debug|x64.ActiveCfg = Debug|x64
		{6AB7B6D7-DA61-430F-83C8-B4868D11C6C5}.Debug|x64.Build.0 = Debug|x64
		{6AB7B6D7-DA61-430F-83C8-B4868D11C6C5}.Debug|x86.ActiveCfg = Debug|x86
		{6AB7B6D7-DA61-430F-83C8-B4868D11C6C5}.Debug|x86.Build.0 = Debug|x86
		{6AB7B6D7-DA61-430F-83C8-B4868D11C6C5}.Master|ARM.ActiveCfg = Master|ARM
		{6AB7B6D7-DA61-430F-83C8-B4868D11C6C5}.Master|ARM.Build.0 = Master|ARM
		{6AB7B6D7-DA61-430F-83C8-B4868D11C6C5}.Master|x64.ActiveCfg = Master|x64
		{6AB7B6D7-DA61-430F-83C8-B4868D11C6C5}.Master|x64.Build.0 = Master|x64
		{6AB7B6D7-DA61-430F-83C8-B4868D11C6C5}.Master|x86.ActiveCfg = Master|x86
		{6AB7B6D7-DA61-430F-83C8-B4868D11C6C5}.Master|x86.Build.0 = Master|x86
		{6AB7B6D7-DA61-430F-83C8-B4868D11C6C5}.Release|ARM.ActiveCfg = Release|ARM
		{6AB7B6D7-DA61-430F-83C8-B4868D11C6C5}.Release|ARM.Build.0 = Release|ARM
		{6AB7B6D7-DA61-430F-83C8-B4868D11C6C5}.Release|x64.ActiveCfg = Release|x64
		{6AB7B6D7-DA61-430F-83C8-B4868D11C6C5}.Release|x64.Build.0 = Release|x64
		{6AB7B6D7-DA61-430F-83C8-B4868D11C6C5}.Release|x86.ActiveCfg = Release|x86
		{6AB7B6D7-DA61-430F-83C8-B4868D11C6C5}.Release|x86.Build.0 = Release|x86
		{307FEA4D-22E5-4368-86CA-0A95EB007B81}.Debug|ARM.ActiveCfg = Debug|ARM
		{307FEA4D-22E5-4368-86CA-0A95EB007B81}.Debug|ARM.Build.0 = Debug|ARM
		{307FEA4D-22E5-4368-86CA-0A95EB007B81}.Debug|x64.ActiveCfg = Debug|x64
		{307FEA4D-22E5-4368-86CA-0A95EB007B81}.Debug|x64.Build.0 = Debug|x64
		{307FEA4D-22E5-4368-86CA-0A95EB007B81}.Debug|x86.ActiveCfg = Debug|x86
		{307FEA4D-22E5-4368-86CA-0A95EB007B81}.Debug|x86.Build.0 = Debug|x86
		{307FEA4D-22E5-4368-86CA-0A95EB007B81}.Master|ARM.ActiveCfg = Master|ARM
		{307FEA4D-22E5-4368-86CA-0A95EB007B81}.Master|ARM.Build.0 = Master|ARM
		{307FEA4D-22E5-4368-86CA-0A95EB007B81}.Master|x64.ActiveCfg = Master|x64
		{307FEA4D-22E5-4368-86CA-0A95EB007B81}.Master|x64.Build.0 = Master|x64
		{307FEA4D-22E5-4368-86CA-0A95EB007B81}.Master|x86.ActiveCfg = Master|x86
		{307FEA4D-22E5-4368-86CA-0A95EB007B81}.Master|x86.Build.0 = Master|x86
		{307FEA4D-22E5-4368-86CA-0A95EB007B81}.Release|ARM.ActiveCfg = Release|ARM
		{307FEA4D-22E5-4368-86CA-0A95EB007B81}.Release|ARM.Build.0 = Release|ARM
		{307FEA4D-22E5-4368-86CA-0A95EB007B81}.Release|x64.ActiveCfg = Release|x64
		{307FEA4D-22E5-4368-86CA-0A95EB007B81}.Release|x64.Build.0 = Release|x64
		{307FEA4D-22E5-4368-86CA-0A95EB007B81}.Release|x86.ActiveCfg = Release|x86
		{307FEA4D-22E5-4368-86CA-0A95EB007B81}.Release|x86.Build.0 = Release|x86
	EndGlobalSection
	GlobalSection(SolutionProperties) = preSolution
		HideSolutionNode = FALSE
	EndGlobalSection
EndGlobal
